
Microsoft Visual Studio Solution File, Format Version 12.00
Project("{FAE04EC0-301F-11D3-BF4B-00C04F79EFBC}") = "LibMtpSharp", "src\LibMtpSharp\LibMtpSharp.csproj", "{3A8556C5-FF01-4105-9FFA-254F5AD30609}"
EndProject
Project("{FAE04EC0-301F-11D3-BF4B-00C04F79EFBC}") = "LibMtpSharp.Native.Windows", "lib\Windows\LibMtpSharp.Native.Windows\LibMtpSharp.Native.Windows.csproj", "{F4259461-7647-4D85-8E3D-A35F01602CC0}"
EndProject
Project("{FAE04EC0-301F-11D3-BF4B-00C04F79EFBC}") = "LibMtpSharp.Native.Windows.WithDependencies", "lib\Windows\LibMtpSharp.Native.Windows.WithDependencies\LibMtpSharp.Native.Windows.WithDependencies.csproj", "{D88672AC-9D55-4833-909E-AFBAE4233DAB}"
EndProject
Project("{FAE04EC0-301F-11D3-BF4B-00C04F79EFBC}") = "LibMtpSharp.Native.Linux", "lib\Linux\LibMtpSharp.Native.Linux\LibMtpSharp.Native.Linux.csproj", "{2F963FE2-9424-460A-925A-26E9A4029FB7}"
EndProject
Project("{FAE04EC0-301F-11D3-BF4B-00C04F79EFBC}") = "LibMtpSharp.Native.Linux.WithDependencies", "lib\Linux\LibMtpSharp.Native.Linux.WithDependencies\LibMtpSharp.Native.Linux.WithDependencies.csproj", "{30C61C01-B92C-402F-AAA1-C6DBFA5EBEB6}"
EndProject
Project("{FAE04EC0-301F-11D3-BF4B-00C04F79EFBC}") = "LibMtpSharp.Native.Test", "test\LibMtpSharp.Native.Test.Windows\LibMtpSharp.Native.Test.Windows.csproj", "{EC8E9C7A-4FA5-49DE-B620-1CE0D5CED757}"
EndProject
Project("{2150E333-8FDC-42A3-9474-1A3956D46DE8}") = "test", "test", "{ED277DEF-EB24-4EE1-81E9-849326885400}"
EndProject
Project("{FAE04EC0-301F-11D3-BF4B-00C04F79EFBC}") = "LibMtpSharp.Native.Test.Linux", "test\LibMtpSharp.Native.Test.Linux\LibMtpSharp.Native.Test.Linux.csproj", "{E9215BD4-1625-48C2-87B8-9B8BF391FEBD}"
EndProject
Project("{FAE04EC0-301F-11D3-BF4B-00C04F79EFBC}") = "LibMtpSharp.Native.MacOS", "lib\MacOS\LibMtpSharp.Native.MacOS\LibMtpSharp.Native.MacOS.csproj", "{092294E3-7650-421F-956F-7EADCCBD8E74}"
EndProject
Project("{FAE04EC0-301F-11D3-BF4B-00C04F79EFBC}") = "LibMtpSharp.Native.MacOS.WithDependencies", "lib\MacOS\LibMtpSharp.Native.MacOS.WithDependencies\LibMtpSharp.Native.MacOS.WithDependencies.csproj", "{0AAD0834-4C0F-4359-81EC-A24ADC33375B}"
EndProject
Project("{FAE04EC0-301F-11D3-BF4B-00C04F79EFBC}") = "LibMtpSharp.Native.Test.MacOS", "test\LibMtpSharp.Native.Test.MacOS\LibMtpSharp.Native.Test.MacOS.csproj", "{EB70B350-8350-4373-A6C5-BF5B5C087353}"
EndProject
Global
	GlobalSection(SolutionConfigurationPlatforms) = preSolution
		Debug|Any CPU = Debug|Any CPU
		Release|Any CPU = Release|Any CPU
	EndGlobalSection
	GlobalSection(ProjectConfigurationPlatforms) = postSolution
		{3A8556C5-FF01-4105-9FFA-254F5AD30609}.Debug|Any CPU.ActiveCfg = Debug|Any CPU
		{3A8556C5-FF01-4105-9FFA-254F5AD30609}.Debug|Any CPU.Build.0 = Debug|Any CPU
		{3A8556C5-FF01-4105-9FFA-254F5AD30609}.Release|Any CPU.ActiveCfg = Release|Any CPU
		{3A8556C5-FF01-4105-9FFA-254F5AD30609}.Release|Any CPU.Build.0 = Release|Any CPU
		{F4259461-7647-4D85-8E3D-A35F01602CC0}.Debug|Any CPU.ActiveCfg = Debug|Any CPU
		{F4259461-7647-4D85-8E3D-A35F01602CC0}.Debug|Any CPU.Build.0 = Debug|Any CPU
		{F4259461-7647-4D85-8E3D-A35F01602CC0}.Release|Any CPU.ActiveCfg = Release|Any CPU
		{F4259461-7647-4D85-8E3D-A35F01602CC0}.Release|Any CPU.Build.0 = Release|Any CPU
		{D88672AC-9D55-4833-909E-AFBAE4233DAB}.Debug|Any CPU.ActiveCfg = Debug|Any CPU
		{D88672AC-9D55-4833-909E-AFBAE4233DAB}.Debug|Any CPU.Build.0 = Debug|Any CPU
		{D88672AC-9D55-4833-909E-AFBAE4233DAB}.Release|Any CPU.ActiveCfg = Release|Any CPU
		{D88672AC-9D55-4833-909E-AFBAE4233DAB}.Release|Any CPU.Build.0 = Release|Any CPU
		{2F963FE2-9424-460A-925A-26E9A4029FB7}.Debug|Any CPU.ActiveCfg = Debug|Any CPU
		{2F963FE2-9424-460A-925A-26E9A4029FB7}.Debug|Any CPU.Build.0 = Debug|Any CPU
		{2F963FE2-9424-460A-925A-26E9A4029FB7}.Release|Any CPU.ActiveCfg = Release|Any CPU
		{2F963FE2-9424-460A-925A-26E9A4029FB7}.Release|Any CPU.Build.0 = Release|Any CPU
		{30C61C01-B92C-402F-AAA1-C6DBFA5EBEB6}.Debug|Any CPU.ActiveCfg = Debug|Any CPU
		{30C61C01-B92C-402F-AAA1-C6DBFA5EBEB6}.Debug|Any CPU.Build.0 = Debug|Any CPU
		{30C61C01-B92C-402F-AAA1-C6DBFA5EBEB6}.Release|Any CPU.ActiveCfg = Release|Any CPU
		{30C61C01-B92C-402F-AAA1-C6DBFA5EBEB6}.Release|Any CPU.Build.0 = Release|Any CPU
		{EC8E9C7A-4FA5-49DE-B620-1CE0D5CED757}.Debug|Any CPU.ActiveCfg = Debug|Any CPU
		{EC8E9C7A-4FA5-49DE-B620-1CE0D5CED757}.Debug|Any CPU.Build.0 = Debug|Any CPU
		{EC8E9C7A-4FA5-49DE-B620-1CE0D5CED757}.Release|Any CPU.ActiveCfg = Release|Any CPU
		{EC8E9C7A-4FA5-49DE-B620-1CE0D5CED757}.Release|Any CPU.Build.0 = Release|Any CPU
		{E9215BD4-1625-48C2-87B8-9B8BF391FEBD}.Debug|Any CPU.ActiveCfg = Debug|Any CPU
		{E9215BD4-1625-48C2-87B8-9B8BF391FEBD}.Debug|Any CPU.Build.0 = Debug|Any CPU
		{E9215BD4-1625-48C2-87B8-9B8BF391FEBD}.Release|Any CPU.ActiveCfg = Release|Any CPU
		{E9215BD4-1625-48C2-87B8-9B8BF391FEBD}.Release|Any CPU.Build.0 = Release|Any CPU
		{092294E3-7650-421F-956F-7EADCCBD8E74}.Debug|Any CPU.ActiveCfg = Debug|Any CPU
		{092294E3-7650-421F-956F-7EADCCBD8E74}.Debug|Any CPU.Build.0 = Debug|Any CPU
		{092294E3-7650-421F-956F-7EADCCBD8E74}.Release|Any CPU.ActiveCfg = Release|Any CPU
		{092294E3-7650-421F-956F-7EADCCBD8E74}.Release|Any CPU.Build.0 = Release|Any CPU
		{0AAD0834-4C0F-4359-81EC-A24ADC33375B}.Debug|Any CPU.ActiveCfg = Debug|Any CPU
		{0AAD0834-4C0F-4359-81EC-A24ADC33375B}.Debug|Any CPU.Build.0 = Debug|Any CPU
		{0AAD0834-4C0F-4359-81EC-A24ADC33375B}.Release|Any CPU.ActiveCfg = Release|Any CPU
		{0AAD0834-4C0F-4359-81EC-A24ADC33375B}.Release|Any CPU.Build.0 = Release|Any CPU
		{EB70B350-8350-4373-A6C5-BF5B5C087353}.Debug|Any CPU.ActiveCfg = Debug|Any CPU
		{EB70B350-8350-4373-A6C5-BF5B5C087353}.Debug|Any CPU.Build.0 = Debug|Any CPU
		{EB70B350-8350-4373-A6C5-BF5B5C087353}.Release|Any CPU.ActiveCfg = Release|Any CPU
		{EB70B350-8350-4373-A6C5-BF5B5C087353}.Release|Any CPU.Build.0 = Release|Any CPU
	EndGlobalSection
	GlobalSection(NestedProjects) = preSolution
		{EC8E9C7A-4FA5-49DE-B620-1CE0D5CED757} = {ED277DEF-EB24-4EE1-81E9-849326885400}
		{E9215BD4-1625-48C2-87B8-9B8BF391FEBD} = {ED277DEF-EB24-4EE1-81E9-849326885400}
		{EB70B350-8350-4373-A6C5-BF5B5C087353} = {ED277DEF-EB24-4EE1-81E9-849326885400}
	EndGlobalSection
EndGlobal
